# This file is autogenerated, do not edit; changes may be undone by the next 'dep ensure'.


[[projects]]
  branch = "master"
  name = "github.com/globalsign/mgo"
  packages = [
    ".",
    "bson",
    "internal/json",
    "internal/sasl",
    "internal/scram"
  ]
  revision = "efe0945164a7e582241f37ae8983c075f8f2e870"

[[projects]]
  name = "github.com/go-ozzo/ozzo-routing"
  packages = [
    ".",
    "access",
    "content",
    "cors",
    "fault",
    "slash"
  ]
  revision = "9dcabc145f0d565b5219e2fd72c3da04876980b7"
  version = "v2.1.4"

[[projects]]
  branch = "master"
  name = "github.com/golang/gddo"
  packages = ["httputil/header"]
  revision = "416d5fc8c9c85e9ec9252a70d01e069f4b287ff0"

[solve-meta]
  analyzer-name = "dep"
  analyzer-version = 1
  inputs-digest = "cb4ddd398dbfe0759af931ef078a2f5f7e9e3028a6d083be0f8c3c658c5f660d"
  solver-name = "gps-cdcl"
  solver-version = 1
